
Microsoft Visual Studio Solution File, Format Version 12.00
# Visual Studio Version 17
VisualStudioVersion = 17.9.34607.119
MinimumVisualStudioVersion = 10.0.40219.1
Project("{2150E333-8FDC-42A3-9474-1A3956D46DE8}") = "Chapter01", "Chapter01", "{47D44512-D085-46A4-B084-EA937197CD44}"
EndProject
Project("{FAE04EC0-301F-11D3-BF4B-00C04F79EFBC}") = "ProductSample", "Chapter01\ProductSample\ProductSample.csproj", "{A15F97B8-1B12-4BBD-8E4B-54985CA1B409}"
EndProject
Project("{FAE04EC0-301F-11D3-BF4B-00C04F79EFBC}") = "Sample_p38", "Chapter01\Sample_p38\Sample_p38.csproj", "{903A9FF3-D9D9-48AA-861E-BEBE505CE8DC}"
EndProject
Project("{2150E333-8FDC-42A3-9474-1A3956D46DE8}") = "Chapter02", "Chapter02", "{FFE70DF4-38FA-4791-ACAD-8AF26A0300A6}"
EndProject
Project("{2150E333-8FDC-42A3-9474-1A3956D46DE8}") = "距離換算プログラム", "距離換算プログラム", "{805EA759-6814-461E-88EC-756FF71E85B1}"
EndProject
Project("{FAE04EC0-301F-11D3-BF4B-00C04F79EFBC}") = "DistanceConverter", "Chapter02\DistanceConverter\DistanceConverter.csproj", "{87615729-0D17-45ED-8343-C32752203DED}"
EndProject
Project("{2150E333-8FDC-42A3-9474-1A3956D46DE8}") = "売り上げ集計プログラム", "売り上げ集計プログラム", "{3AD545BF-8BAB-44BC-9198-0B8E8BDE3F84}"
EndProject
Project("{9A19103F-16F7-4668-BE54-9A1E7A4F7556}") = "SalesCounter", "ConsoleApp2\SalesCounter.csproj", "{A2322FAF-3D7C-4B70-8639-E8C96AFE251C}"
EndProject
Project("{2150E333-8FDC-42A3-9474-1A3956D46DE8}") = "#演習問題", "#演習問題", "{A3CE62FF-ACC0-4532-A86F-AD208E72D524}"
EndProject
Project("{9A19103F-16F7-4668-BE54-9A1E7A4F7556}") = "Exercise1", "Chapter02\演習問題\Exercise1\Exercise1.csproj", "{3A9D544B-38D1-454B-9DD1-00C6397903E4}"
EndProject
Project("{9A19103F-16F7-4668-BE54-9A1E7A4F7556}") = "Exercise2", "Chapter02\演習問題\ConsoleApp1\Exercise2.csproj", "{9E375CA3-4F9C-49E2-9E4E-000D468B5C53}"
EndProject
Project("{2150E333-8FDC-42A3-9474-1A3956D46DE8}") = "FormApps", "FormApps", "{0EAA2AE5-51C7-4FCC-A4E6-FC1266BCAC14}"
EndProject
Project("{2150E333-8FDC-42A3-9474-1A3956D46DE8}") = "Chapter03", "Chapter03", "{3099BC39-B384-4586-888A-2FB6CB766D09}"
EndProject
Project("{FAE04EC0-301F-11D3-BF4B-00C04F79EFBC}") = "Section01", "Chapter03\Section01\Section01.csproj", "{52EB6D64-60C7-42F3-A2B5-47D1094744DD}"
EndProject
Project("{2150E333-8FDC-42A3-9474-1A3956D46DE8}") = "練習問題", "練習問題", "{A00C22EC-EE3D-49C9-B661-ED83E60356F8}"
EndProject
Project("{FAE04EC0-301F-11D3-BF4B-00C04F79EFBC}") = "Exercise01", "Chapter03\演習問題\Exercise01\Exercise01.csproj", "{A05B8BEE-4CB4-4EC9-A140-5CF4D6DDE36E}"
EndProject
Project("{FAE04EC0-301F-11D3-BF4B-00C04F79EFBC}") = "Exercise02", "Chapter03\演習問題\Exercise02\Exercise02.csproj", "{09F0982E-941D-40C5-83FA-DD60118BBC48}"
EndProject
Project("{2150E333-8FDC-42A3-9474-1A3956D46DE8}") = "Chapter04", "Chapter04", "{44A40EA0-862F-41C5-B299-84AE64C36B50}"
EndProject
Project("{FAE04EC0-301F-11D3-BF4B-00C04F79EFBC}") = "Section01", "Chapter04\Section01\Section01.csproj", "{CCA9A935-C9FA-4664-8B3A-63924F8F1FA4}"
EndProject
Project("{2150E333-8FDC-42A3-9474-1A3956D46DE8}") = "演習問題", "演習問題", "{69210CDD-2AD4-431D-B16A-88D02A5AFD2F}"
EndProject
Project("{FAE04EC0-301F-11D3-BF4B-00C04F79EFBC}") = "Exercise01", "Chapter04\演習問題\Exercise01\Exercise01.csproj", "{0BC1B7B9-1AC5-4115-93D7-D50B7C3CCF29}"
EndProject
Project("{FAE04EC0-301F-11D3-BF4B-00C04F79EFBC}") = "Exercise02", "Chapter04\演習問題\Exercise02\Exercise02.csproj", "{9FB3445B-2C95-4CAE-86DD-05693E2C9D24}"
EndProject
Project("{2150E333-8FDC-42A3-9474-1A3956D46DE8}") = "Chapter05", "Chapter05", "{DE2DAE07-0704-4910-81BD-30A0291AA0D1}"
EndProject
Project("{2150E333-8FDC-42A3-9474-1A3956D46DE8}") = "演習問題", "演習問題", "{D8D2A56F-7756-43A8-AC9D-5C861968BA36}"
EndProject
Project("{FAE04EC0-301F-11D3-BF4B-00C04F79EFBC}") = "Exercise01", "Chapter05\演習問題\Exercise01\Exercise01.csproj", "{72EC153C-29E1-4099-BC46-8399BE5889C1}"
EndProject
Project("{FAE04EC0-301F-11D3-BF4B-00C04F79EFBC}") = "Exercise02", "Chapter05\演習問題\Exercise02\Exercise02.csproj", "{503D73E4-4AEA-4481-9D8A-50361A2140D1}"
EndProject
Project("{FAE04EC0-301F-11D3-BF4B-00C04F79EFBC}") = "Exercise03", "Chapter05\演習問題\Exercise03\Exercise03.csproj", "{72AE2232-3E2E-467C-AE9D-C7EC0741E251}"
EndProject
Project("{2150E333-8FDC-42A3-9474-1A3956D46DE8}") = "Chapter06", "Chapter06", "{48223E9F-4EDF-4476-8A8B-9D6FCA9AAD5E}"
EndProject
Project("{FAE04EC0-301F-11D3-BF4B-00C04F79EFBC}") = "Section01", "chapter06\Section01\Section01.csproj", "{5F5E290E-8D67-4564-A86B-2298BA8CAC13}"
EndProject
Project("{2150E333-8FDC-42A3-9474-1A3956D46DE8}") = "演習問題", "演習問題", "{7F0985E4-F8B6-4CC7-A9A9-08C3B0CB12B6}"
EndProject
Project("{FAE04EC0-301F-11D3-BF4B-00C04F79EFBC}") = "Exercise01", "chapter06\演習問題\Exercise01\Exercise01.csproj", "{80FCBC23-DD5A-4BA8-9A53-22B95F600317}"
EndProject
Project("{FAE04EC0-301F-11D3-BF4B-00C04F79EFBC}") = "Exercise02", "chapter06\演習問題\Exercise02\Exercise02.csproj", "{865374D8-36A4-4276-BFE2-4ECE2E310880}"
EndProject
Project("{9A19103F-16F7-4668-BE54-9A1E7A4F7556}") = "BallApp", "FormApps\BallApp\BallApp.csproj", "{E37866F3-4316-4A8E-B494-D5CEBF223134}"
EndProject
Project("{2150E333-8FDC-42A3-9474-1A3956D46DE8}") = "Chapter07", "Chapter07", "{9C74BCCA-BF02-4EC9-949C-C825DD60BEEC}"
EndProject
Project("{FAE04EC0-301F-11D3-BF4B-00C04F79EFBC}") = "Section01", "Chapter07\Section01\Section01.csproj", "{76A65B26-CC86-4BD2-86B1-939EE438C990}"
EndProject
Project("{FAE04EC0-301F-11D3-BF4B-00C04F79EFBC}") = "Section02", "Chapter07\Section02\Section02.csproj", "{CA7D4D1B-C1D7-4459-B727-9F7FB9548AD4}"
EndProject
Project("{2150E333-8FDC-42A3-9474-1A3956D46DE8}") = "Test01", "Test01", "{8F119F52-6186-4507-BF0F-CFDE9CAAD487}"
EndProject
Project("{FAE04EC0-301F-11D3-BF4B-00C04F79EFBC}") = "Test01", "TestProject\Test01\Test01.csproj", "{2BFACDC3-F44D-4199-8498-F5C3C4AC0335}"
EndProject
Project("{FAE04EC0-301F-11D3-BF4B-00C04F79EFBC}") = "Test02", "TestProject\Test02\Test02.csproj", "{E461C0A8-8900-485C-B520-E929BA33F712}"
EndProject
Project("{FAE04EC0-301F-11D3-BF4B-00C04F79EFBC}") = "Section03", "Chapter07\Section03\Section03.csproj", "{529C761F-C753-4874-87D7-21DB61E6DD25}"
EndProject
Project("{FAE04EC0-301F-11D3-BF4B-00C04F79EFBC}") = "Section04", "Chapter07\Section04\Section04.csproj", "{2038187E-BCB6-46EE-B03B-662D6F7C04F4}"
EndProject
Project("{2150E333-8FDC-42A3-9474-1A3956D46DE8}") = "Chapter08", "Chapter08", "{5FA2B7E5-A743-47C5-B6FD-003C35C8C21D}"
EndProject
Project("{FAE04EC0-301F-11D3-BF4B-00C04F79EFBC}") = "Section01", "Chapter08\Section01\Section01.csproj", "{8BCCC44E-02FF-4AD8-9ABA-632BB9BE1D7C}"
EndProject
Project("{9A19103F-16F7-4668-BE54-9A1E7A4F7556}") = "DateTimeApp", "FormApps\DateTimeApp\DateTimeApp.csproj", "{F6B8FFD1-5F3B-418F-BCEC-4CBA50B8E272}"
EndProject
Project("{2150E333-8FDC-42A3-9474-1A3956D46DE8}") = "演習問題", "演習問題", "{21C94B85-C7EE-47E0-8615-334DA74FC3B2}"
EndProject
Project("{9A19103F-16F7-4668-BE54-9A1E7A4F7556}") = "Exercise01", "Chapter08\演習問題\Exercise01\Exercise01.csproj", "{912AFDE4-63B5-4D49-8E64-BBEB3DF241B6}"
EndProject
Project("{2150E333-8FDC-42A3-9474-1A3956D46DE8}") = "Test2407", "Test2407", "{7B3A0BDD-8586-4203-BF63-CCED653EC1DD}"
EndProject
Project("{FAE04EC0-301F-11D3-BF4B-00C04F79EFBC}") = "Test01", "TestProject\Test01_01\Test01.csproj", "{505959BA-5E37-40AD-9E1F-D168E366D106}"
EndProject
Project("{FAE04EC0-301F-11D3-BF4B-00C04F79EFBC}") = "Test02", "TestProject\Test02_01\Test02.csproj", "{9629460F-6875-4F78-AFFB-A5FD0F63E783}"
EndProject
Project("{9A19103F-16F7-4668-BE54-9A1E7A4F7556}") = "CarReportSystem", "FormApps\CarReportSystem\CarReportSystem.csproj", "{F12CD53A-FDC9-4A6C-9F8A-D2EDD3DC3158}"
EndProject
Project("{2150E333-8FDC-42A3-9474-1A3956D46DE8}") = "Chapter11", "Chapter11", "{32EB1247-93D0-4720-A3AE-6DF3FE972441}"
EndProject
Project("{FAE04EC0-301F-11D3-BF4B-00C04F79EFBC}") = "Section01", "Chapter11\Section01\Section01.csproj", "{99D80059-DBCA-42A7-9A7B-3FEDD26652FA}"
EndProject
Project("{FAE04EC0-301F-11D3-BF4B-00C04F79EFBC}") = "Exercise01", "Chapter11\演習問題\Exercise01\Exercise01.csproj", "{46E83855-247C-4B32-882A-A2A1DF89BE52}"
EndProject
Project("{FAE04EC0-301F-11D3-BF4B-00C04F79EFBC}") = "Section02", "Chapter11\Section02\Section02.csproj", "{B10E936B-5A87-42F3-BCB8-2A76CA2F02AD}"
EndProject
Project("{2150E333-8FDC-42A3-9474-1A3956D46DE8}") = "Chapter12", "Chapter12", "{748F3725-28D3-457F-8588-65121A8A040F}"
EndProject
Project("{FAE04EC0-301F-11D3-BF4B-00C04F79EFBC}") = "Section01", "Chapter12\Section01\Section01.csproj", "{CC782AA4-766D-4428-B6CF-0C08080926BD}"
EndProject
Project("{FAE04EC0-301F-11D3-BF4B-00C04F79EFBC}") = "Exercise01", "Chapter12\Exercise01\Exercise01.csproj", "{AC0CE96A-F5B2-46BD-91CA-0916BF40046E}"
EndProject
Project("{FAE04EC0-301F-11D3-BF4B-00C04F79EFBC}") = "Section02", "Chapter12\Section02\Section02.csproj", "{A4A65F97-DA95-4A28-AA37-B49031274286}"
EndProject
Project("{FAE04EC0-301F-11D3-BF4B-00C04F79EFBC}") = "RssReader", "FormApps\RssReader\RssReader.csproj", "{5A9BFBEF-6D8A-4E35-A66A-BCF1B6EB0477}"
EndProject
Project("{FAE04EC0-301F-11D3-BF4B-00C04F79EFBC}") = "WinForms_GettingStarted", "FormApps\WinForms_GettingStarted\WinForms_GettingStarted.csproj", "{ED255FDA-1E38-4790-81DA-DFCADCBBF81D}"
EndProject
Project("{2150E333-8FDC-42A3-9474-1A3956D46DE8}") = "Chapter13", "Chapter13", "{9D38A675-8B1F-4CCE-860E-1E93873A619B}"
EndProject
Project("{FAE04EC0-301F-11D3-BF4B-00C04F79EFBC}") = "SampleEntityFramework", "chapter13\SampleEntityFramework\SampleEntityFramework.csproj", "{96F07552-9F47-427F-8276-7F68A2197192}"
EndProject
Project("{FAE04EC0-301F-11D3-BF4B-00C04F79EFBC}") = "ADOSample", "FormApps\ADOSample\ADOSample.csproj", "{73FB0C03-2C0E-42F1-906F-5A93BF56622E}"
EndProject
Project("{2150E333-8FDC-42A3-9474-1A3956D46DE8}") = "Chapter15", "Chapter15", "{D41AF4CD-3C9F-47BD-809F-8AA2AE9581B0}"
EndProject
Project("{FAE04EC0-301F-11D3-BF4B-00C04F79EFBC}") = "Section01", "Chapter15\Section01\Section01.csproj", "{4638D42B-AFB3-46F3-9848-D23296AB6BEB}"
EndProject
Project("{2150E333-8FDC-42A3-9474-1A3956D46DE8}") = "演習問題", "演習問題", "{86D302D0-3649-4C4F-8FEB-D3669B61A97A}"
EndProject
Project("{FAE04EC0-301F-11D3-BF4B-00C04F79EFBC}") = "Exercise01", "Chapter15\演習問題\Exercise01\Exercise01.csproj", "{E02DE1E4-C367-49B5-9DE2-CBBB034E69EA}"
EndProject
Project("{2150E333-8FDC-42A3-9474-1A3956D46DE8}") = "Chapter16", "Chapter16", "{6B1F1A9B-49ED-40AE-9BA9-EAAE257F0336}"
EndProject
Project("{FAE04EC0-301F-11D3-BF4B-00C04F79EFBC}") = "Section03", "Chapter16\Section03\Section03.csproj", "{8FD3357D-4F9E-4391-908E-0D1D1286D637}"
EndProject
Project("{FAE04EC0-301F-11D3-BF4B-00C04F79EFBC}") = "Section04", "Chapter16\Section04\Section04.csproj", "{1D8543D9-E054-4B51-AD66-3EFE9B1702D5}"
EndProject
Project("{FAE04EC0-301F-11D3-BF4B-00C04F79EFBC}") = "Section06", "Chapter16\Section06\Section06.csproj", "{E69BACF2-36E6-4210-BA8A-C569511D566B}"
EndProject
Project("{2150E333-8FDC-42A3-9474-1A3956D46DE8}") = "Chapter17", "Chapter17", "{4E803C98-2054-47E8-9DAC-3808341BA43B}"
EndProject
Project("{FAE04EC0-301F-11D3-BF4B-00C04F79EFBC}") = "section01", "Chapter17\section01\section01.csproj", "{E63B31C4-842E-4B17-BB5B-54B2E318932B}"
EndProject
Project("{FAE04EC0-301F-11D3-BF4B-00C04F79EFBC}") = "section02", "Chapter17\section02\section02.csproj", "{C5010160-CF07-46B7-931E-FA271F27D63D}"
EndProject
Project("{2150E333-8FDC-42A3-9474-1A3956D46DE8}") = "TemplateMethod", "TemplateMethod", "{20966B25-63CA-4B9E-BCAA-F98F0A4F9C26}"
EndProject
Project("{FAE04EC0-301F-11D3-BF4B-00C04F79EFBC}") = "TextFileProcessor", "Chapter17\TemplateMethod\TextFileProcessor\TextFileProcessor.csproj", "{57325C4E-9897-4910-93DA-25B1FCE4C92A}"
EndProject
Project("{FAE04EC0-301F-11D3-BF4B-00C04F79EFBC}") = "TextNumberSizeChange", "Chapter17\TemplateMethod\LineCounter\TextNumberSizeChange.csproj", "{B80743E6-4EA7-48AC-AB6F-149F64DA0D7F}"
EndProject
Project("{2150E333-8FDC-42A3-9474-1A3956D46DE8}") = "Strategy", "Strategy", "{029EF61C-DF2A-4C5B-A1B9-36C215250245}"
EndProject
Project("{FAE04EC0-301F-11D3-BF4B-00C04F79EFBC}") = "DistanceConverter", "Chapter17\Strategy\DistanceConverter\DistanceConverter.csproj", "{2976E37B-19A4-4BF8-8815-6EE6610249E2}"
EndProject
Project("{FAE04EC0-301F-11D3-BF4B-00C04F79EFBC}") = "LineCounter", "Chapter17\TemplateMethod\TextNumberSizeChange\LineCounter.csproj", "{9F741EBA-5A44-45C6-A399-7695379570A9}"
EndProject
Project("{FAE04EC0-301F-11D3-BF4B-00C04F79EFBC}") = "section03", "Chapter17\section03\section03.csproj", "{13DE171F-F369-41C6-A390-3E4B91C3CF54}"
EndProject
Project("{2150E333-8FDC-42A3-9474-1A3956D46DE8}") = "WPF", "WPF", "{7EF4508E-0E82-4E66-B561-6AC370EFC6CE}"
EndProject
Project("{FAE04EC0-301F-11D3-BF4B-00C04F79EFBC}") = "CollorChecker", "WPF\CollorChecker\CollorChecker.csproj", "{7ECBFC00-4ABF-4900-9904-45BA0242A8B7}"
EndProject
Project("{FAE04EC0-301F-11D3-BF4B-00C04F79EFBC}") = "GridSample", "WPF\GridSample\GridSample.csproj", "{FBF96F0D-9555-4A12-8638-3F53850EA2B2}"
EndProject
Project("{FAE04EC0-301F-11D3-BF4B-00C04F79EFBC}") = "SampleApplication", "WPF\SampleApplication\SampleApplication.csproj", "{EA9E3BB0-45FB-4DE3-A67B-61161ECABD4A}"
EndProject
Project("{FAE04EC0-301F-11D3-BF4B-00C04F79EFBC}") = "SampleSlider", "WPF\SampleSlider\SampleSlider.csproj", "{0961662D-9AE4-4E78-9A0D-0ACA206E02EC}"
EndProject
Global
	GlobalSection(SolutionConfigurationPlatforms) = preSolution
		Debug|Any CPU = Debug|Any CPU
		Release|Any CPU = Release|Any CPU
	EndGlobalSection
	GlobalSection(ProjectConfigurationPlatforms) = postSolution
		{A15F97B8-1B12-4BBD-8E4B-54985CA1B409}.Debug|Any CPU.ActiveCfg = Debug|Any CPU
		{A15F97B8-1B12-4BBD-8E4B-54985CA1B409}.Debug|Any CPU.Build.0 = Debug|Any CPU
		{A15F97B8-1B12-4BBD-8E4B-54985CA1B409}.Release|Any CPU.ActiveCfg = Release|Any CPU
		{A15F97B8-1B12-4BBD-8E4B-54985CA1B409}.Release|Any CPU.Build.0 = Release|Any CPU
		{903A9FF3-D9D9-48AA-861E-BEBE505CE8DC}.Debug|Any CPU.ActiveCfg = Debug|Any CPU
		{903A9FF3-D9D9-48AA-861E-BEBE505CE8DC}.Debug|Any CPU.Build.0 = Debug|Any CPU
		{903A9FF3-D9D9-48AA-861E-BEBE505CE8DC}.Release|Any CPU.ActiveCfg = Release|Any CPU
		{903A9FF3-D9D9-48AA-861E-BEBE505CE8DC}.Release|Any CPU.Build.0 = Release|Any CPU
		{87615729-0D17-45ED-8343-C32752203DED}.Debug|Any CPU.ActiveCfg = Debug|Any CPU
		{87615729-0D17-45ED-8343-C32752203DED}.Debug|Any CPU.Build.0 = Debug|Any CPU
		{87615729-0D17-45ED-8343-C32752203DED}.Release|Any CPU.ActiveCfg = Release|Any CPU
		{87615729-0D17-45ED-8343-C32752203DED}.Release|Any CPU.Build.0 = Release|Any CPU
		{A2322FAF-3D7C-4B70-8639-E8C96AFE251C}.Debug|Any CPU.ActiveCfg = Debug|Any CPU
		{A2322FAF-3D7C-4B70-8639-E8C96AFE251C}.Debug|Any CPU.Build.0 = Debug|Any CPU
		{A2322FAF-3D7C-4B70-8639-E8C96AFE251C}.Release|Any CPU.ActiveCfg = Release|Any CPU
		{A2322FAF-3D7C-4B70-8639-E8C96AFE251C}.Release|Any CPU.Build.0 = Release|Any CPU
		{3A9D544B-38D1-454B-9DD1-00C6397903E4}.Debug|Any CPU.ActiveCfg = Debug|Any CPU
		{3A9D544B-38D1-454B-9DD1-00C6397903E4}.Debug|Any CPU.Build.0 = Debug|Any CPU
		{3A9D544B-38D1-454B-9DD1-00C6397903E4}.Release|Any CPU.ActiveCfg = Release|Any CPU
		{3A9D544B-38D1-454B-9DD1-00C6397903E4}.Release|Any CPU.Build.0 = Release|Any CPU
		{9E375CA3-4F9C-49E2-9E4E-000D468B5C53}.Debug|Any CPU.ActiveCfg = Debug|Any CPU
		{9E375CA3-4F9C-49E2-9E4E-000D468B5C53}.Debug|Any CPU.Build.0 = Debug|Any CPU
		{9E375CA3-4F9C-49E2-9E4E-000D468B5C53}.Release|Any CPU.ActiveCfg = Release|Any CPU
		{9E375CA3-4F9C-49E2-9E4E-000D468B5C53}.Release|Any CPU.Build.0 = Release|Any CPU
		{52EB6D64-60C7-42F3-A2B5-47D1094744DD}.Debug|Any CPU.ActiveCfg = Debug|Any CPU
		{52EB6D64-60C7-42F3-A2B5-47D1094744DD}.Debug|Any CPU.Build.0 = Debug|Any CPU
		{52EB6D64-60C7-42F3-A2B5-47D1094744DD}.Release|Any CPU.ActiveCfg = Release|Any CPU
		{52EB6D64-60C7-42F3-A2B5-47D1094744DD}.Release|Any CPU.Build.0 = Release|Any CPU
		{A05B8BEE-4CB4-4EC9-A140-5CF4D6DDE36E}.Debug|Any CPU.ActiveCfg = Debug|Any CPU
		{A05B8BEE-4CB4-4EC9-A140-5CF4D6DDE36E}.Debug|Any CPU.Build.0 = Debug|Any CPU
		{A05B8BEE-4CB4-4EC9-A140-5CF4D6DDE36E}.Release|Any CPU.ActiveCfg = Release|Any CPU
		{A05B8BEE-4CB4-4EC9-A140-5CF4D6DDE36E}.Release|Any CPU.Build.0 = Release|Any CPU
		{09F0982E-941D-40C5-83FA-DD60118BBC48}.Debug|Any CPU.ActiveCfg = Debug|Any CPU
		{09F0982E-941D-40C5-83FA-DD60118BBC48}.Debug|Any CPU.Build.0 = Debug|Any CPU
		{09F0982E-941D-40C5-83FA-DD60118BBC48}.Release|Any CPU.ActiveCfg = Release|Any CPU
		{09F0982E-941D-40C5-83FA-DD60118BBC48}.Release|Any CPU.Build.0 = Release|Any CPU
		{CCA9A935-C9FA-4664-8B3A-63924F8F1FA4}.Debug|Any CPU.ActiveCfg = Debug|Any CPU
		{CCA9A935-C9FA-4664-8B3A-63924F8F1FA4}.Debug|Any CPU.Build.0 = Debug|Any CPU
		{CCA9A935-C9FA-4664-8B3A-63924F8F1FA4}.Release|Any CPU.ActiveCfg = Release|Any CPU
		{CCA9A935-C9FA-4664-8B3A-63924F8F1FA4}.Release|Any CPU.Build.0 = Release|Any CPU
		{0BC1B7B9-1AC5-4115-93D7-D50B7C3CCF29}.Debug|Any CPU.ActiveCfg = Debug|Any CPU
		{0BC1B7B9-1AC5-4115-93D7-D50B7C3CCF29}.Debug|Any CPU.Build.0 = Debug|Any CPU
		{0BC1B7B9-1AC5-4115-93D7-D50B7C3CCF29}.Release|Any CPU.ActiveCfg = Release|Any CPU
		{0BC1B7B9-1AC5-4115-93D7-D50B7C3CCF29}.Release|Any CPU.Build.0 = Release|Any CPU
		{9FB3445B-2C95-4CAE-86DD-05693E2C9D24}.Debug|Any CPU.ActiveCfg = Debug|Any CPU
		{9FB3445B-2C95-4CAE-86DD-05693E2C9D24}.Debug|Any CPU.Build.0 = Debug|Any CPU
		{9FB3445B-2C95-4CAE-86DD-05693E2C9D24}.Release|Any CPU.ActiveCfg = Release|Any CPU
		{9FB3445B-2C95-4CAE-86DD-05693E2C9D24}.Release|Any CPU.Build.0 = Release|Any CPU
		{72EC153C-29E1-4099-BC46-8399BE5889C1}.Debug|Any CPU.ActiveCfg = Debug|Any CPU
		{72EC153C-29E1-4099-BC46-8399BE5889C1}.Debug|Any CPU.Build.0 = Debug|Any CPU
		{72EC153C-29E1-4099-BC46-8399BE5889C1}.Release|Any CPU.ActiveCfg = Release|Any CPU
		{72EC153C-29E1-4099-BC46-8399BE5889C1}.Release|Any CPU.Build.0 = Release|Any CPU
		{503D73E4-4AEA-4481-9D8A-50361A2140D1}.Debug|Any CPU.ActiveCfg = Debug|Any CPU
		{503D73E4-4AEA-4481-9D8A-50361A2140D1}.Debug|Any CPU.Build.0 = Debug|Any CPU
		{503D73E4-4AEA-4481-9D8A-50361A2140D1}.Release|Any CPU.ActiveCfg = Release|Any CPU
		{503D73E4-4AEA-4481-9D8A-50361A2140D1}.Release|Any CPU.Build.0 = Release|Any CPU
		{72AE2232-3E2E-467C-AE9D-C7EC0741E251}.Debug|Any CPU.ActiveCfg = Debug|Any CPU
		{72AE2232-3E2E-467C-AE9D-C7EC0741E251}.Debug|Any CPU.Build.0 = Debug|Any CPU
		{72AE2232-3E2E-467C-AE9D-C7EC0741E251}.Release|Any CPU.ActiveCfg = Release|Any CPU
		{72AE2232-3E2E-467C-AE9D-C7EC0741E251}.Release|Any CPU.Build.0 = Release|Any CPU
		{5F5E290E-8D67-4564-A86B-2298BA8CAC13}.Debug|Any CPU.ActiveCfg = Debug|Any CPU
		{5F5E290E-8D67-4564-A86B-2298BA8CAC13}.Debug|Any CPU.Build.0 = Debug|Any CPU
		{5F5E290E-8D67-4564-A86B-2298BA8CAC13}.Release|Any CPU.ActiveCfg = Release|Any CPU
		{5F5E290E-8D67-4564-A86B-2298BA8CAC13}.Release|Any CPU.Build.0 = Release|Any CPU
		{80FCBC23-DD5A-4BA8-9A53-22B95F600317}.Debug|Any CPU.ActiveCfg = Debug|Any CPU
		{80FCBC23-DD5A-4BA8-9A53-22B95F600317}.Debug|Any CPU.Build.0 = Debug|Any CPU
		{80FCBC23-DD5A-4BA8-9A53-22B95F600317}.Release|Any CPU.ActiveCfg = Release|Any CPU
		{80FCBC23-DD5A-4BA8-9A53-22B95F600317}.Release|Any CPU.Build.0 = Release|Any CPU
		{865374D8-36A4-4276-BFE2-4ECE2E310880}.Debug|Any CPU.ActiveCfg = Debug|Any CPU
		{865374D8-36A4-4276-BFE2-4ECE2E310880}.Debug|Any CPU.Build.0 = Debug|Any CPU
		{865374D8-36A4-4276-BFE2-4ECE2E310880}.Release|Any CPU.ActiveCfg = Release|Any CPU
		{865374D8-36A4-4276-BFE2-4ECE2E310880}.Release|Any CPU.Build.0 = Release|Any CPU
		{E37866F3-4316-4A8E-B494-D5CEBF223134}.Debug|Any CPU.ActiveCfg = Debug|Any CPU
		{E37866F3-4316-4A8E-B494-D5CEBF223134}.Debug|Any CPU.Build.0 = Debug|Any CPU
		{E37866F3-4316-4A8E-B494-D5CEBF223134}.Release|Any CPU.ActiveCfg = Release|Any CPU
		{E37866F3-4316-4A8E-B494-D5CEBF223134}.Release|Any CPU.Build.0 = Release|Any CPU
		{76A65B26-CC86-4BD2-86B1-939EE438C990}.Debug|Any CPU.ActiveCfg = Debug|Any CPU
		{76A65B26-CC86-4BD2-86B1-939EE438C990}.Debug|Any CPU.Build.0 = Debug|Any CPU
		{76A65B26-CC86-4BD2-86B1-939EE438C990}.Release|Any CPU.ActiveCfg = Release|Any CPU
		{76A65B26-CC86-4BD2-86B1-939EE438C990}.Release|Any CPU.Build.0 = Release|Any CPU
		{CA7D4D1B-C1D7-4459-B727-9F7FB9548AD4}.Debug|Any CPU.ActiveCfg = Debug|Any CPU
		{CA7D4D1B-C1D7-4459-B727-9F7FB9548AD4}.Debug|Any CPU.Build.0 = Debug|Any CPU
		{CA7D4D1B-C1D7-4459-B727-9F7FB9548AD4}.Release|Any CPU.ActiveCfg = Release|Any CPU
		{CA7D4D1B-C1D7-4459-B727-9F7FB9548AD4}.Release|Any CPU.Build.0 = Release|Any CPU
		{2BFACDC3-F44D-4199-8498-F5C3C4AC0335}.Debug|Any CPU.ActiveCfg = Debug|Any CPU
		{2BFACDC3-F44D-4199-8498-F5C3C4AC0335}.Debug|Any CPU.Build.0 = Debug|Any CPU
		{2BFACDC3-F44D-4199-8498-F5C3C4AC0335}.Release|Any CPU.ActiveCfg = Release|Any CPU
		{2BFACDC3-F44D-4199-8498-F5C3C4AC0335}.Release|Any CPU.Build.0 = Release|Any CPU
		{E461C0A8-8900-485C-B520-E929BA33F712}.Debug|Any CPU.ActiveCfg = Debug|Any CPU
		{E461C0A8-8900-485C-B520-E929BA33F712}.Debug|Any CPU.Build.0 = Debug|Any CPU
		{E461C0A8-8900-485C-B520-E929BA33F712}.Release|Any CPU.ActiveCfg = Release|Any CPU
		{E461C0A8-8900-485C-B520-E929BA33F712}.Release|Any CPU.Build.0 = Release|Any CPU
		{529C761F-C753-4874-87D7-21DB61E6DD25}.Debug|Any CPU.ActiveCfg = Debug|Any CPU
		{529C761F-C753-4874-87D7-21DB61E6DD25}.Debug|Any CPU.Build.0 = Debug|Any CPU
		{529C761F-C753-4874-87D7-21DB61E6DD25}.Release|Any CPU.ActiveCfg = Release|Any CPU
		{529C761F-C753-4874-87D7-21DB61E6DD25}.Release|Any CPU.Build.0 = Release|Any CPU
		{2038187E-BCB6-46EE-B03B-662D6F7C04F4}.Debug|Any CPU.ActiveCfg = Debug|Any CPU
		{2038187E-BCB6-46EE-B03B-662D6F7C04F4}.Debug|Any CPU.Build.0 = Debug|Any CPU
		{2038187E-BCB6-46EE-B03B-662D6F7C04F4}.Release|Any CPU.ActiveCfg = Release|Any CPU
		{2038187E-BCB6-46EE-B03B-662D6F7C04F4}.Release|Any CPU.Build.0 = Release|Any CPU
		{8BCCC44E-02FF-4AD8-9ABA-632BB9BE1D7C}.Debug|Any CPU.ActiveCfg = Debug|Any CPU
		{8BCCC44E-02FF-4AD8-9ABA-632BB9BE1D7C}.Debug|Any CPU.Build.0 = Debug|Any CPU
		{8BCCC44E-02FF-4AD8-9ABA-632BB9BE1D7C}.Release|Any CPU.ActiveCfg = Release|Any CPU
		{8BCCC44E-02FF-4AD8-9ABA-632BB9BE1D7C}.Release|Any CPU.Build.0 = Release|Any CPU
		{F6B8FFD1-5F3B-418F-BCEC-4CBA50B8E272}.Debug|Any CPU.ActiveCfg = Debug|Any CPU
		{F6B8FFD1-5F3B-418F-BCEC-4CBA50B8E272}.Debug|Any CPU.Build.0 = Debug|Any CPU
		{F6B8FFD1-5F3B-418F-BCEC-4CBA50B8E272}.Release|Any CPU.ActiveCfg = Release|Any CPU
		{F6B8FFD1-5F3B-418F-BCEC-4CBA50B8E272}.Release|Any CPU.Build.0 = Release|Any CPU
		{912AFDE4-63B5-4D49-8E64-BBEB3DF241B6}.Debug|Any CPU.ActiveCfg = Debug|Any CPU
		{912AFDE4-63B5-4D49-8E64-BBEB3DF241B6}.Debug|Any CPU.Build.0 = Debug|Any CPU
		{912AFDE4-63B5-4D49-8E64-BBEB3DF241B6}.Release|Any CPU.ActiveCfg = Release|Any CPU
		{912AFDE4-63B5-4D49-8E64-BBEB3DF241B6}.Release|Any CPU.Build.0 = Release|Any CPU
		{505959BA-5E37-40AD-9E1F-D168E366D106}.Debug|Any CPU.ActiveCfg = Debug|Any CPU
		{505959BA-5E37-40AD-9E1F-D168E366D106}.Debug|Any CPU.Build.0 = Debug|Any CPU
		{505959BA-5E37-40AD-9E1F-D168E366D106}.Release|Any CPU.ActiveCfg = Release|Any CPU
		{505959BA-5E37-40AD-9E1F-D168E366D106}.Release|Any CPU.Build.0 = Release|Any CPU
		{9629460F-6875-4F78-AFFB-A5FD0F63E783}.Debug|Any CPU.ActiveCfg = Debug|Any CPU
		{9629460F-6875-4F78-AFFB-A5FD0F63E783}.Debug|Any CPU.Build.0 = Debug|Any CPU
		{9629460F-6875-4F78-AFFB-A5FD0F63E783}.Release|Any CPU.ActiveCfg = Release|Any CPU
		{9629460F-6875-4F78-AFFB-A5FD0F63E783}.Release|Any CPU.Build.0 = Release|Any CPU
		{F12CD53A-FDC9-4A6C-9F8A-D2EDD3DC3158}.Debug|Any CPU.ActiveCfg = Debug|Any CPU
		{F12CD53A-FDC9-4A6C-9F8A-D2EDD3DC3158}.Debug|Any CPU.Build.0 = Debug|Any CPU
		{F12CD53A-FDC9-4A6C-9F8A-D2EDD3DC3158}.Release|Any CPU.ActiveCfg = Release|Any CPU
		{F12CD53A-FDC9-4A6C-9F8A-D2EDD3DC3158}.Release|Any CPU.Build.0 = Release|Any CPU
		{99D80059-DBCA-42A7-9A7B-3FEDD26652FA}.Debug|Any CPU.ActiveCfg = Debug|Any CPU
		{99D80059-DBCA-42A7-9A7B-3FEDD26652FA}.Debug|Any CPU.Build.0 = Debug|Any CPU
		{99D80059-DBCA-42A7-9A7B-3FEDD26652FA}.Release|Any CPU.ActiveCfg = Release|Any CPU
		{99D80059-DBCA-42A7-9A7B-3FEDD26652FA}.Release|Any CPU.Build.0 = Release|Any CPU
		{46E83855-247C-4B32-882A-A2A1DF89BE52}.Debug|Any CPU.ActiveCfg = Debug|Any CPU
		{46E83855-247C-4B32-882A-A2A1DF89BE52}.Debug|Any CPU.Build.0 = Debug|Any CPU
		{46E83855-247C-4B32-882A-A2A1DF89BE52}.Release|Any CPU.ActiveCfg = Release|Any CPU
		{46E83855-247C-4B32-882A-A2A1DF89BE52}.Release|Any CPU.Build.0 = Release|Any CPU
		{B10E936B-5A87-42F3-BCB8-2A76CA2F02AD}.Debug|Any CPU.ActiveCfg = Debug|Any CPU
		{B10E936B-5A87-42F3-BCB8-2A76CA2F02AD}.Debug|Any CPU.Build.0 = Debug|Any CPU
		{B10E936B-5A87-42F3-BCB8-2A76CA2F02AD}.Release|Any CPU.ActiveCfg = Release|Any CPU
		{B10E936B-5A87-42F3-BCB8-2A76CA2F02AD}.Release|Any CPU.Build.0 = Release|Any CPU
		{CC782AA4-766D-4428-B6CF-0C08080926BD}.Debug|Any CPU.ActiveCfg = Debug|Any CPU
		{CC782AA4-766D-4428-B6CF-0C08080926BD}.Debug|Any CPU.Build.0 = Debug|Any CPU
		{CC782AA4-766D-4428-B6CF-0C08080926BD}.Release|Any CPU.ActiveCfg = Release|Any CPU
		{CC782AA4-766D-4428-B6CF-0C08080926BD}.Release|Any CPU.Build.0 = Release|Any CPU
		{AC0CE96A-F5B2-46BD-91CA-0916BF40046E}.Debug|Any CPU.ActiveCfg = Debug|Any CPU
		{AC0CE96A-F5B2-46BD-91CA-0916BF40046E}.Debug|Any CPU.Build.0 = Debug|Any CPU
		{AC0CE96A-F5B2-46BD-91CA-0916BF40046E}.Release|Any CPU.ActiveCfg = Release|Any CPU
		{AC0CE96A-F5B2-46BD-91CA-0916BF40046E}.Release|Any CPU.Build.0 = Release|Any CPU
		{A4A65F97-DA95-4A28-AA37-B49031274286}.Debug|Any CPU.ActiveCfg = Debug|Any CPU
		{A4A65F97-DA95-4A28-AA37-B49031274286}.Debug|Any CPU.Build.0 = Debug|Any CPU
		{A4A65F97-DA95-4A28-AA37-B49031274286}.Release|Any CPU.ActiveCfg = Release|Any CPU
		{A4A65F97-DA95-4A28-AA37-B49031274286}.Release|Any CPU.Build.0 = Release|Any CPU
		{5A9BFBEF-6D8A-4E35-A66A-BCF1B6EB0477}.Debug|Any CPU.ActiveCfg = Debug|Any CPU
		{5A9BFBEF-6D8A-4E35-A66A-BCF1B6EB0477}.Debug|Any CPU.Build.0 = Debug|Any CPU
		{5A9BFBEF-6D8A-4E35-A66A-BCF1B6EB0477}.Release|Any CPU.ActiveCfg = Release|Any CPU
		{5A9BFBEF-6D8A-4E35-A66A-BCF1B6EB0477}.Release|Any CPU.Build.0 = Release|Any CPU
		{ED255FDA-1E38-4790-81DA-DFCADCBBF81D}.Debug|Any CPU.ActiveCfg = Debug|Any CPU
		{ED255FDA-1E38-4790-81DA-DFCADCBBF81D}.Debug|Any CPU.Build.0 = Debug|Any CPU
		{ED255FDA-1E38-4790-81DA-DFCADCBBF81D}.Release|Any CPU.ActiveCfg = Release|Any CPU
		{ED255FDA-1E38-4790-81DA-DFCADCBBF81D}.Release|Any CPU.Build.0 = Release|Any CPU
		{96F07552-9F47-427F-8276-7F68A2197192}.Debug|Any CPU.ActiveCfg = Debug|Any CPU
		{96F07552-9F47-427F-8276-7F68A2197192}.Debug|Any CPU.Build.0 = Debug|Any CPU
		{96F07552-9F47-427F-8276-7F68A2197192}.Release|Any CPU.ActiveCfg = Release|Any CPU
		{96F07552-9F47-427F-8276-7F68A2197192}.Release|Any CPU.Build.0 = Release|Any CPU
		{73FB0C03-2C0E-42F1-906F-5A93BF56622E}.Debug|Any CPU.ActiveCfg = Debug|Any CPU
		{73FB0C03-2C0E-42F1-906F-5A93BF56622E}.Debug|Any CPU.Build.0 = Debug|Any CPU
		{73FB0C03-2C0E-42F1-906F-5A93BF56622E}.Release|Any CPU.ActiveCfg = Release|Any CPU
		{73FB0C03-2C0E-42F1-906F-5A93BF56622E}.Release|Any CPU.Build.0 = Release|Any CPU
		{4638D42B-AFB3-46F3-9848-D23296AB6BEB}.Debug|Any CPU.ActiveCfg = Debug|Any CPU
		{4638D42B-AFB3-46F3-9848-D23296AB6BEB}.Debug|Any CPU.Build.0 = Debug|Any CPU
		{4638D42B-AFB3-46F3-9848-D23296AB6BEB}.Release|Any CPU.ActiveCfg = Release|Any CPU
		{4638D42B-AFB3-46F3-9848-D23296AB6BEB}.Release|Any CPU.Build.0 = Release|Any CPU
		{E02DE1E4-C367-49B5-9DE2-CBBB034E69EA}.Debug|Any CPU.ActiveCfg = Debug|Any CPU
		{E02DE1E4-C367-49B5-9DE2-CBBB034E69EA}.Debug|Any CPU.Build.0 = Debug|Any CPU
		{E02DE1E4-C367-49B5-9DE2-CBBB034E69EA}.Release|Any CPU.ActiveCfg = Release|Any CPU
		{E02DE1E4-C367-49B5-9DE2-CBBB034E69EA}.Release|Any CPU.Build.0 = Release|Any CPU
		{8FD3357D-4F9E-4391-908E-0D1D1286D637}.Debug|Any CPU.ActiveCfg = Debug|Any CPU
		{8FD3357D-4F9E-4391-908E-0D1D1286D637}.Debug|Any CPU.Build.0 = Debug|Any CPU
		{8FD3357D-4F9E-4391-908E-0D1D1286D637}.Release|Any CPU.ActiveCfg = Release|Any CPU
		{8FD3357D-4F9E-4391-908E-0D1D1286D637}.Release|Any CPU.Build.0 = Release|Any CPU
		{1D8543D9-E054-4B51-AD66-3EFE9B1702D5}.Debug|Any CPU.ActiveCfg = Debug|Any CPU
		{1D8543D9-E054-4B51-AD66-3EFE9B1702D5}.Debug|Any CPU.Build.0 = Debug|Any CPU
		{1D8543D9-E054-4B51-AD66-3EFE9B1702D5}.Release|Any CPU.ActiveCfg = Release|Any CPU
		{1D8543D9-E054-4B51-AD66-3EFE9B1702D5}.Release|Any CPU.Build.0 = Release|Any CPU
		{E69BACF2-36E6-4210-BA8A-C569511D566B}.Debug|Any CPU.ActiveCfg = Debug|Any CPU
		{E69BACF2-36E6-4210-BA8A-C569511D566B}.Debug|Any CPU.Build.0 = Debug|Any CPU
		{E69BACF2-36E6-4210-BA8A-C569511D566B}.Release|Any CPU.ActiveCfg = Release|Any CPU
		{E69BACF2-36E6-4210-BA8A-C569511D566B}.Release|Any CPU.Build.0 = Release|Any CPU
		{E63B31C4-842E-4B17-BB5B-54B2E318932B}.Debug|Any CPU.ActiveCfg = Debug|Any CPU
		{E63B31C4-842E-4B17-BB5B-54B2E318932B}.Debug|Any CPU.Build.0 = Debug|Any CPU
		{E63B31C4-842E-4B17-BB5B-54B2E318932B}.Release|Any CPU.ActiveCfg = Release|Any CPU
		{E63B31C4-842E-4B17-BB5B-54B2E318932B}.Release|Any CPU.Build.0 = Release|Any CPU
		{C5010160-CF07-46B7-931E-FA271F27D63D}.Debug|Any CPU.ActiveCfg = Debug|Any CPU
		{C5010160-CF07-46B7-931E-FA271F27D63D}.Debug|Any CPU.Build.0 = Debug|Any CPU
		{C5010160-CF07-46B7-931E-FA271F27D63D}.Release|Any CPU.ActiveCfg = Release|Any CPU
		{C5010160-CF07-46B7-931E-FA271F27D63D}.Release|Any CPU.Build.0 = Release|Any CPU
		{57325C4E-9897-4910-93DA-25B1FCE4C92A}.Debug|Any CPU.ActiveCfg = Debug|Any CPU
		{57325C4E-9897-4910-93DA-25B1FCE4C92A}.Debug|Any CPU.Build.0 = Debug|Any CPU
		{57325C4E-9897-4910-93DA-25B1FCE4C92A}.Release|Any CPU.ActiveCfg = Release|Any CPU
		{57325C4E-9897-4910-93DA-25B1FCE4C92A}.Release|Any CPU.Build.0 = Release|Any CPU
		{B80743E6-4EA7-48AC-AB6F-149F64DA0D7F}.Debug|Any CPU.ActiveCfg = Debug|Any CPU
		{B80743E6-4EA7-48AC-AB6F-149F64DA0D7F}.Debug|Any CPU.Build.0 = Debug|Any CPU
		{B80743E6-4EA7-48AC-AB6F-149F64DA0D7F}.Release|Any CPU.ActiveCfg = Release|Any CPU
		{B80743E6-4EA7-48AC-AB6F-149F64DA0D7F}.Release|Any CPU.Build.0 = Release|Any CPU
		{2976E37B-19A4-4BF8-8815-6EE6610249E2}.Debug|Any CPU.ActiveCfg = Debug|Any CPU
		{2976E37B-19A4-4BF8-8815-6EE6610249E2}.Debug|Any CPU.Build.0 = Debug|Any CPU
		{2976E37B-19A4-4BF8-8815-6EE6610249E2}.Release|Any CPU.ActiveCfg = Release|Any CPU
		{2976E37B-19A4-4BF8-8815-6EE6610249E2}.Release|Any CPU.Build.0 = Release|Any CPU
		{9F741EBA-5A44-45C6-A399-7695379570A9}.Debug|Any CPU.ActiveCfg = Debug|Any CPU
		{9F741EBA-5A44-45C6-A399-7695379570A9}.Debug|Any CPU.Build.0 = Debug|Any CPU
		{9F741EBA-5A44-45C6-A399-7695379570A9}.Release|Any CPU.ActiveCfg = Release|Any CPU
		{9F741EBA-5A44-45C6-A399-7695379570A9}.Release|Any CPU.Build.0 = Release|Any CPU
		{13DE171F-F369-41C6-A390-3E4B91C3CF54}.Debug|Any CPU.ActiveCfg = Debug|Any CPU
		{13DE171F-F369-41C6-A390-3E4B91C3CF54}.Debug|Any CPU.Build.0 = Debug|Any CPU
		{13DE171F-F369-41C6-A390-3E4B91C3CF54}.Release|Any CPU.ActiveCfg = Release|Any CPU
		{13DE171F-F369-41C6-A390-3E4B91C3CF54}.Release|Any CPU.Build.0 = Release|Any CPU
		{7ECBFC00-4ABF-4900-9904-45BA0242A8B7}.Debug|Any CPU.ActiveCfg = Debug|Any CPU
		{7ECBFC00-4ABF-4900-9904-45BA0242A8B7}.Debug|Any CPU.Build.0 = Debug|Any CPU
		{7ECBFC00-4ABF-4900-9904-45BA0242A8B7}.Release|Any CPU.ActiveCfg = Release|Any CPU
		{7ECBFC00-4ABF-4900-9904-45BA0242A8B7}.Release|Any CPU.Build.0 = Release|Any CPU
		{FBF96F0D-9555-4A12-8638-3F53850EA2B2}.Debug|Any CPU.ActiveCfg = Debug|Any CPU
		{FBF96F0D-9555-4A12-8638-3F53850EA2B2}.Debug|Any CPU.Build.0 = Debug|Any CPU
		{FBF96F0D-9555-4A12-8638-3F53850EA2B2}.Release|Any CPU.ActiveCfg = Release|Any CPU
		{FBF96F0D-9555-4A12-8638-3F53850EA2B2}.Release|Any CPU.Build.0 = Release|Any CPU
		{EA9E3BB0-45FB-4DE3-A67B-61161ECABD4A}.Debug|Any CPU.ActiveCfg = Debug|Any CPU
		{EA9E3BB0-45FB-4DE3-A67B-61161ECABD4A}.Debug|Any CPU.Build.0 = Debug|Any CPU
		{EA9E3BB0-45FB-4DE3-A67B-61161ECABD4A}.Release|Any CPU.ActiveCfg = Release|Any CPU
		{EA9E3BB0-45FB-4DE3-A67B-61161ECABD4A}.Release|Any CPU.Build.0 = Release|Any CPU
		{0961662D-9AE4-4E78-9A0D-0ACA206E02EC}.Debug|Any CPU.ActiveCfg = Debug|Any CPU
		{0961662D-9AE4-4E78-9A0D-0ACA206E02EC}.Debug|Any CPU.Build.0 = Debug|Any CPU
		{0961662D-9AE4-4E78-9A0D-0ACA206E02EC}.Release|Any CPU.ActiveCfg = Release|Any CPU
		{0961662D-9AE4-4E78-9A0D-0ACA206E02EC}.Release|Any CPU.Build.0 = Release|Any CPU
	EndGlobalSection
	GlobalSection(SolutionProperties) = preSolution
		HideSolutionNode = FALSE
	EndGlobalSection
	GlobalSection(NestedProjects) = preSolution
		{A15F97B8-1B12-4BBD-8E4B-54985CA1B409} = {47D44512-D085-46A4-B084-EA937197CD44}
		{903A9FF3-D9D9-48AA-861E-BEBE505CE8DC} = {47D44512-D085-46A4-B084-EA937197CD44}
		{805EA759-6814-461E-88EC-756FF71E85B1} = {FFE70DF4-38FA-4791-ACAD-8AF26A0300A6}
		{87615729-0D17-45ED-8343-C32752203DED} = {805EA759-6814-461E-88EC-756FF71E85B1}
		{3AD545BF-8BAB-44BC-9198-0B8E8BDE3F84} = {FFE70DF4-38FA-4791-ACAD-8AF26A0300A6}
		{A2322FAF-3D7C-4B70-8639-E8C96AFE251C} = {3AD545BF-8BAB-44BC-9198-0B8E8BDE3F84}
		{A3CE62FF-ACC0-4532-A86F-AD208E72D524} = {FFE70DF4-38FA-4791-ACAD-8AF26A0300A6}
		{3A9D544B-38D1-454B-9DD1-00C6397903E4} = {A3CE62FF-ACC0-4532-A86F-AD208E72D524}
		{9E375CA3-4F9C-49E2-9E4E-000D468B5C53} = {A3CE62FF-ACC0-4532-A86F-AD208E72D524}
		{52EB6D64-60C7-42F3-A2B5-47D1094744DD} = {3099BC39-B384-4586-888A-2FB6CB766D09}
		{A00C22EC-EE3D-49C9-B661-ED83E60356F8} = {3099BC39-B384-4586-888A-2FB6CB766D09}
		{A05B8BEE-4CB4-4EC9-A140-5CF4D6DDE36E} = {A00C22EC-EE3D-49C9-B661-ED83E60356F8}
		{09F0982E-941D-40C5-83FA-DD60118BBC48} = {A00C22EC-EE3D-49C9-B661-ED83E60356F8}
		{CCA9A935-C9FA-4664-8B3A-63924F8F1FA4} = {44A40EA0-862F-41C5-B299-84AE64C36B50}
		{69210CDD-2AD4-431D-B16A-88D02A5AFD2F} = {44A40EA0-862F-41C5-B299-84AE64C36B50}
		{0BC1B7B9-1AC5-4115-93D7-D50B7C3CCF29} = {69210CDD-2AD4-431D-B16A-88D02A5AFD2F}
		{9FB3445B-2C95-4CAE-86DD-05693E2C9D24} = {69210CDD-2AD4-431D-B16A-88D02A5AFD2F}
		{D8D2A56F-7756-43A8-AC9D-5C861968BA36} = {DE2DAE07-0704-4910-81BD-30A0291AA0D1}
		{72EC153C-29E1-4099-BC46-8399BE5889C1} = {D8D2A56F-7756-43A8-AC9D-5C861968BA36}
		{503D73E4-4AEA-4481-9D8A-50361A2140D1} = {D8D2A56F-7756-43A8-AC9D-5C861968BA36}
		{72AE2232-3E2E-467C-AE9D-C7EC0741E251} = {69210CDD-2AD4-431D-B16A-88D02A5AFD2F}
		{5F5E290E-8D67-4564-A86B-2298BA8CAC13} = {48223E9F-4EDF-4476-8A8B-9D6FCA9AAD5E}
		{7F0985E4-F8B6-4CC7-A9A9-08C3B0CB12B6} = {48223E9F-4EDF-4476-8A8B-9D6FCA9AAD5E}
		{80FCBC23-DD5A-4BA8-9A53-22B95F600317} = {7F0985E4-F8B6-4CC7-A9A9-08C3B0CB12B6}
		{865374D8-36A4-4276-BFE2-4ECE2E310880} = {7F0985E4-F8B6-4CC7-A9A9-08C3B0CB12B6}
		{E37866F3-4316-4A8E-B494-D5CEBF223134} = {0EAA2AE5-51C7-4FCC-A4E6-FC1266BCAC14}
		{76A65B26-CC86-4BD2-86B1-939EE438C990} = {9C74BCCA-BF02-4EC9-949C-C825DD60BEEC}
		{CA7D4D1B-C1D7-4459-B727-9F7FB9548AD4} = {9C74BCCA-BF02-4EC9-949C-C825DD60BEEC}
		{2BFACDC3-F44D-4199-8498-F5C3C4AC0335} = {8F119F52-6186-4507-BF0F-CFDE9CAAD487}
		{E461C0A8-8900-485C-B520-E929BA33F712} = {8F119F52-6186-4507-BF0F-CFDE9CAAD487}
		{529C761F-C753-4874-87D7-21DB61E6DD25} = {9C74BCCA-BF02-4EC9-949C-C825DD60BEEC}
		{2038187E-BCB6-46EE-B03B-662D6F7C04F4} = {9C74BCCA-BF02-4EC9-949C-C825DD60BEEC}
		{8BCCC44E-02FF-4AD8-9ABA-632BB9BE1D7C} = {5FA2B7E5-A743-47C5-B6FD-003C35C8C21D}
		{F6B8FFD1-5F3B-418F-BCEC-4CBA50B8E272} = {0EAA2AE5-51C7-4FCC-A4E6-FC1266BCAC14}
		{21C94B85-C7EE-47E0-8615-334DA74FC3B2} = {5FA2B7E5-A743-47C5-B6FD-003C35C8C21D}
		{912AFDE4-63B5-4D49-8E64-BBEB3DF241B6} = {21C94B85-C7EE-47E0-8615-334DA74FC3B2}
		{505959BA-5E37-40AD-9E1F-D168E366D106} = {7B3A0BDD-8586-4203-BF63-CCED653EC1DD}
		{9629460F-6875-4F78-AFFB-A5FD0F63E783} = {7B3A0BDD-8586-4203-BF63-CCED653EC1DD}
		{F12CD53A-FDC9-4A6C-9F8A-D2EDD3DC3158} = {0EAA2AE5-51C7-4FCC-A4E6-FC1266BCAC14}
		{99D80059-DBCA-42A7-9A7B-3FEDD26652FA} = {32EB1247-93D0-4720-A3AE-6DF3FE972441}
		{46E83855-247C-4B32-882A-A2A1DF89BE52} = {32EB1247-93D0-4720-A3AE-6DF3FE972441}
		{B10E936B-5A87-42F3-BCB8-2A76CA2F02AD} = {32EB1247-93D0-4720-A3AE-6DF3FE972441}
		{CC782AA4-766D-4428-B6CF-0C08080926BD} = {748F3725-28D3-457F-8588-65121A8A040F}
		{AC0CE96A-F5B2-46BD-91CA-0916BF40046E} = {748F3725-28D3-457F-8588-65121A8A040F}
		{A4A65F97-DA95-4A28-AA37-B49031274286} = {748F3725-28D3-457F-8588-65121A8A040F}
		{5A9BFBEF-6D8A-4E35-A66A-BCF1B6EB0477} = {0EAA2AE5-51C7-4FCC-A4E6-FC1266BCAC14}
		{ED255FDA-1E38-4790-81DA-DFCADCBBF81D} = {0EAA2AE5-51C7-4FCC-A4E6-FC1266BCAC14}
		{96F07552-9F47-427F-8276-7F68A2197192} = {9D38A675-8B1F-4CCE-860E-1E93873A619B}
		{73FB0C03-2C0E-42F1-906F-5A93BF56622E} = {0EAA2AE5-51C7-4FCC-A4E6-FC1266BCAC14}
		{4638D42B-AFB3-46F3-9848-D23296AB6BEB} = {D41AF4CD-3C9F-47BD-809F-8AA2AE9581B0}
		{86D302D0-3649-4C4F-8FEB-D3669B61A97A} = {D41AF4CD-3C9F-47BD-809F-8AA2AE9581B0}
		{E02DE1E4-C367-49B5-9DE2-CBBB034E69EA} = {86D302D0-3649-4C4F-8FEB-D3669B61A97A}
		{8FD3357D-4F9E-4391-908E-0D1D1286D637} = {6B1F1A9B-49ED-40AE-9BA9-EAAE257F0336}
		{1D8543D9-E054-4B51-AD66-3EFE9B1702D5} = {6B1F1A9B-49ED-40AE-9BA9-EAAE257F0336}
		{E69BACF2-36E6-4210-BA8A-C569511D566B} = {6B1F1A9B-49ED-40AE-9BA9-EAAE257F0336}
		{E63B31C4-842E-4B17-BB5B-54B2E318932B} = {4E803C98-2054-47E8-9DAC-3808341BA43B}
		{C5010160-CF07-46B7-931E-FA271F27D63D} = {4E803C98-2054-47E8-9DAC-3808341BA43B}
		{20966B25-63CA-4B9E-BCAA-F98F0A4F9C26} = {4E803C98-2054-47E8-9DAC-3808341BA43B}
		{57325C4E-9897-4910-93DA-25B1FCE4C92A} = {20966B25-63CA-4B9E-BCAA-F98F0A4F9C26}
		{B80743E6-4EA7-48AC-AB6F-149F64DA0D7F} = {20966B25-63CA-4B9E-BCAA-F98F0A4F9C26}
		{029EF61C-DF2A-4C5B-A1B9-36C215250245} = {4E803C98-2054-47E8-9DAC-3808341BA43B}
		{2976E37B-19A4-4BF8-8815-6EE6610249E2} = {029EF61C-DF2A-4C5B-A1B9-36C215250245}
		{9F741EBA-5A44-45C6-A399-7695379570A9} = {20966B25-63CA-4B9E-BCAA-F98F0A4F9C26}
		{13DE171F-F369-41C6-A390-3E4B91C3CF54} = {4E803C98-2054-47E8-9DAC-3808341BA43B}
		{7ECBFC00-4ABF-4900-9904-45BA0242A8B7} = {7EF4508E-0E82-4E66-B561-6AC370EFC6CE}
		{FBF96F0D-9555-4A12-8638-3F53850EA2B2} = {7EF4508E-0E82-4E66-B561-6AC370EFC6CE}
		{EA9E3BB0-45FB-4DE3-A67B-61161ECABD4A} = {7EF4508E-0E82-4E66-B561-6AC370EFC6CE}
		{0961662D-9AE4-4E78-9A0D-0ACA206E02EC} = {7EF4508E-0E82-4E66-B561-6AC370EFC6CE}
	EndGlobalSection
	GlobalSection(ExtensibilityGlobals) = postSolution
		SolutionGuid = {745016DB-6986-4D6C-93EA-0A49C0499F62}
	EndGlobalSection
EndGlobal
